
Microsoft Visual Studio Solution File, Format Version 12.00
# Visual Studio Version 17
VisualStudioVersion = 17.8.34511.84
MinimumVisualStudioVersion = 10.0.40219.1
Project("{FAE04EC0-301F-11D3-BF4B-00C04F79EFBC}") = "MvcNetCorePracticaLibros", "MvcNetCorePracticaLibros\MvcNetCorePracticaLibros.csproj", "{73B9AD54-115D-474A-988B-39E2B90DF73C}"
EndProject
Global
	GlobalSection(SolutionConfigurationPlatforms) = preSolution
		Debug|Any CPU = Debug|Any CPU
		Release|Any CPU = Release|Any CPU
	EndGlobalSection
	GlobalSection(ProjectConfigurationPlatforms) = postSolution
		{73B9AD54-115D-474A-988B-39E2B90DF73C}.Debug|Any CPU.ActiveCfg = Debug|Any CPU
		{73B9AD54-115D-474A-988B-39E2B90DF73C}.Debug|Any CPU.Build.0 = Debug|Any CPU
		{73B9AD54-115D-474A-988B-39E2B90DF73C}.Release|Any CPU.ActiveCfg = Release|Any CPU
		{73B9AD54-115D-474A-988B-39E2B90DF73C}.Release|Any CPU.Build.0 = Release|Any CPU
	EndGlobalSection
	GlobalSection(SolutionProperties) = preSolution
		HideSolutionNode = FALSE
	EndGlobalSection
	GlobalSection(ExtensibilityGlobals) = postSolution
		SolutionGuid = {ED36132B-08BC-4071-B23B-A5FED8F1EE47}
	EndGlobalSection
EndGlobal
